
Microsoft Visual Studio Solution File, Format Version 12.00
# Visual Studio Version 17
VisualStudioVersion = 17.7.34031.279
MinimumVisualStudioVersion = 10.0.40219.1
Project("{9A19103F-16F7-4668-BE54-9A1E7A4F7556}") = "Avans-DevOps", "Avans-DevOps\Avans-DevOps.csproj", "{2D8E46A9-7386-4E81-A131-7933C5FEC58C}"
EndProject
Project("{FAE04EC0-301F-11D3-BF4B-00C04F79EFBC}") = "AvansDevops.Test", "AvansDevops.Test\AvansDevops.Test.csproj", "{2F608E72-10DF-4A27-B97C-02562607E83B}"
EndProject
Global
	GlobalSection(SolutionConfigurationPlatforms) = preSolution
		Debug|Any CPU = Debug|Any CPU
		Release|Any CPU = Release|Any CPU
	EndGlobalSection
	GlobalSection(ProjectConfigurationPlatforms) = postSolution
		{2D8E46A9-7386-4E81-A131-7933C5FEC58C}.Debug|Any CPU.ActiveCfg = Debug|Any CPU
		{2D8E46A9-7386-4E81-A131-7933C5FEC58C}.Debug|Any CPU.Build.0 = Debug|Any CPU
		{2D8E46A9-7386-4E81-A131-7933C5FEC58C}.Release|Any CPU.ActiveCfg = Release|Any CPU
		{2D8E46A9-7386-4E81-A131-7933C5FEC58C}.Release|Any CPU.Build.0 = Release|Any CPU
		{2F608E72-10DF-4A27-B97C-02562607E83B}.Debug|Any CPU.ActiveCfg = Debug|Any CPU
		{2F608E72-10DF-4A27-B97C-02562607E83B}.Debug|Any CPU.Build.0 = Debug|Any CPU
		{2F608E72-10DF-4A27-B97C-02562607E83B}.Release|Any CPU.ActiveCfg = Release|Any CPU
		{2F608E72-10DF-4A27-B97C-02562607E83B}.Release|Any CPU.Build.0 = Release|Any CPU
	EndGlobalSection
	GlobalSection(SolutionProperties) = preSolution
		HideSolutionNode = FALSE
	EndGlobalSection
	GlobalSection(ExtensibilityGlobals) = postSolution
		SolutionGuid = {614A0B72-30C8-4935-A8E8-EC0272296CAE}
	EndGlobalSection
EndGlobal
